
Microsoft Visual Studio Solution File, Format Version 12.00
# Visual Studio Version 17
VisualStudioVersion = 17.10.35122.118
MinimumVisualStudioVersion = 10.0.40219.1
Project("{FAE04EC0-301F-11D3-BF4B-00C04F79EFBC}") = "BankApp.Web", "BankApp.Web\BankApp.Web.csproj", "{036F4BD0-335E-4148-BC8A-1A541ADB7CCD}"
EndProject
Global
	GlobalSection(SolutionConfigurationPlatforms) = preSolution
		Debug|Any CPU = Debug|Any CPU
		Release|Any CPU = Release|Any CPU
	EndGlobalSection
	GlobalSection(ProjectConfigurationPlatforms) = postSolution
		{036F4BD0-335E-4148-BC8A-1A541ADB7CCD}.Debug|Any CPU.ActiveCfg = Debug|Any CPU
		{036F4BD0-335E-4148-BC8A-1A541ADB7CCD}.Debug|Any CPU.Build.0 = Debug|Any CPU
		{036F4BD0-335E-4148-BC8A-1A541ADB7CCD}.Release|Any CPU.ActiveCfg = Release|Any CPU
		{036F4BD0-335E-4148-BC8A-1A541ADB7CCD}.Release|Any CPU.Build.0 = Release|Any CPU
	EndGlobalSection
	GlobalSection(SolutionProperties) = preSolution
		HideSolutionNode = FALSE
	EndGlobalSection
	GlobalSection(ExtensibilityGlobals) = postSolution
		SolutionGuid = {11022264-4643-410E-9AEF-948A13875619}
	EndGlobalSection
EndGlobal
